
Microsoft Visual Studio Solution File, Format Version 12.00
# Visual Studio Version 17
VisualStudioVersion = 17.3.32901.215
MinimumVisualStudioVersion = 10.0.40219.1
Project("{9A19103F-16F7-4668-BE54-9A1E7A4F7556}") = "LR5_2", "LR5_2\LR5_2.csproj", "{522F83A4-BBFF-40BB-BD99-1E9483F98315}"
EndProject
Project("{FAE04EC0-301F-11D3-BF4B-00C04F79EFBC}") = "LR5_1", "LR5_1\LR5_1.csproj", "{800C90AC-562D-4082-846A-88D5E521FE2C}"
EndProject
Project("{FAE04EC0-301F-11D3-BF4B-00C04F79EFBC}") = "LR5_3", "LR5_3\LR5_3.csproj", "{CA313C57-9AE3-47C1-8EA4-AADF6968DAFE}"
EndProject
Project("{FAE04EC0-301F-11D3-BF4B-00C04F79EFBC}") = "LR5_4", "LR5_4\LR5_4.csproj", "{62CEC649-F621-4188-9331-BC3AEC55104A}"
EndProject
Global
	GlobalSection(SolutionConfigurationPlatforms) = preSolution
		Debug|Any CPU = Debug|Any CPU
		Release|Any CPU = Release|Any CPU
	EndGlobalSection
	GlobalSection(ProjectConfigurationPlatforms) = postSolution
		{522F83A4-BBFF-40BB-BD99-1E9483F98315}.Debug|Any CPU.ActiveCfg = Debug|Any CPU
		{522F83A4-BBFF-40BB-BD99-1E9483F98315}.Debug|Any CPU.Build.0 = Debug|Any CPU
		{522F83A4-BBFF-40BB-BD99-1E9483F98315}.Release|Any CPU.ActiveCfg = Release|Any CPU
		{522F83A4-BBFF-40BB-BD99-1E9483F98315}.Release|Any CPU.Build.0 = Release|Any CPU
		{800C90AC-562D-4082-846A-88D5E521FE2C}.Debug|Any CPU.ActiveCfg = Debug|Any CPU
		{800C90AC-562D-4082-846A-88D5E521FE2C}.Debug|Any CPU.Build.0 = Debug|Any CPU
		{800C90AC-562D-4082-846A-88D5E521FE2C}.Release|Any CPU.ActiveCfg = Release|Any CPU
		{800C90AC-562D-4082-846A-88D5E521FE2C}.Release|Any CPU.Build.0 = Release|Any CPU
		{CA313C57-9AE3-47C1-8EA4-AADF6968DAFE}.Debug|Any CPU.ActiveCfg = Debug|Any CPU
		{CA313C57-9AE3-47C1-8EA4-AADF6968DAFE}.Debug|Any CPU.Build.0 = Debug|Any CPU
		{CA313C57-9AE3-47C1-8EA4-AADF6968DAFE}.Release|Any CPU.ActiveCfg = Release|Any CPU
		{CA313C57-9AE3-47C1-8EA4-AADF6968DAFE}.Release|Any CPU.Build.0 = Release|Any CPU
		{62CEC649-F621-4188-9331-BC3AEC55104A}.Debug|Any CPU.ActiveCfg = Debug|Any CPU
		{62CEC649-F621-4188-9331-BC3AEC55104A}.Debug|Any CPU.Build.0 = Debug|Any CPU
		{62CEC649-F621-4188-9331-BC3AEC55104A}.Release|Any CPU.ActiveCfg = Release|Any CPU
		{62CEC649-F621-4188-9331-BC3AEC55104A}.Release|Any CPU.Build.0 = Release|Any CPU
	EndGlobalSection
	GlobalSection(SolutionProperties) = preSolution
		HideSolutionNode = FALSE
	EndGlobalSection
	GlobalSection(ExtensibilityGlobals) = postSolution
		SolutionGuid = {2B1F53EF-5CE9-4B66-A88A-5FF16B8757F4}
	EndGlobalSection
EndGlobal
